PODS:
  - FBSnapshotTestCase (2.1.4):
    - FBSnapshotTestCase/SwiftSupport (= 2.1.4)
  - FBSnapshotTestCase/Core (2.1.4)
  - FBSnapshotTestCase/SwiftSupport (2.1.4):
    - FBSnapshotTestCase/Core
  - UMKJWorking (0.1.0)

DEPENDENCIES:
  - FBSnapshotTestCase
  - UMKJWorking (from `../`)

SPEC REPOS:
  https://github.com/cocoapods/specs.git:
    - FBSnapshotTestCase

EXTERNAL SOURCES:
  UMKJWorking:
    :path: "../"

SPEC CHECKSUMS:
  FBSnapshotTestCase: 094f9f314decbabe373b87cc339bea235a63e07a
  UMKJWorking: 8b13fc881ca253e0cc95f27b74f74fe43d068663

PODFILE CHECKSUM: 8afdc84be9efabad8d2748db88b183082120727d

COCOAPODS: 1.5.3
